
Microsoft Visual Studio Solution File, Format Version 12.00
# Visual Studio Version 16
VisualStudioVersion = 16.0.32106.194
MinimumVisualStudioVersion = 10.0.40219.1
Project("{FAE04EC0-301F-11D3-BF4B-00C04F79EFBC}") = "REGular EXpressions", "REGular EXpressions\REGular EXpressions.csproj", "{915F08F8-5539-4505-80BD-4CC376C2830E}"
EndProject
Global
	GlobalSection(SolutionConfigurationPlatforms) = preSolution
		Debug|Any CPU = Debug|Any CPU
		Release|Any CPU = Release|Any CPU
	EndGlobalSection
	GlobalSection(ProjectConfigurationPlatforms) = postSolution
		{915F08F8-5539-4505-80BD-4CC376C2830E}.Debug|Any CPU.ActiveCfg = Debug|Any CPU
		{915F08F8-5539-4505-80BD-4CC376C2830E}.Debug|Any CPU.Build.0 = Debug|Any CPU
		{915F08F8-5539-4505-80BD-4CC376C2830E}.Release|Any CPU.ActiveCfg = Release|Any CPU
		{915F08F8-5539-4505-80BD-4CC376C2830E}.Release|Any CPU.Build.0 = Release|Any CPU
	EndGlobalSection
	GlobalSection(SolutionProperties) = preSolution
		HideSolutionNode = FALSE
	EndGlobalSection
	GlobalSection(ExtensibilityGlobals) = postSolution
		SolutionGuid = {AF82D17F-B636-4CAB-A947-823B818AF3E5}
	EndGlobalSection
EndGlobal
